
Microsoft Visual Studio Solution File, Format Version 12.00
# Visual Studio Version 16
VisualStudioVersion = 16.0.30011.22
MinimumVisualStudioVersion = 10.0.40219.1
Project("{FAE04EC0-301F-11D3-BF4B-00C04F79EFBC}") = "Mica.Vocabulary.Domain", "Mica.Vocabulary.Domain\Mica.Vocabulary.Domain.csproj", "{684B88F5-A134-40A8-BDE6-29F8FAE5E27F}"
EndProject
Project("{FAE04EC0-301F-11D3-BF4B-00C04F79EFBC}") = "Mica.Vocabulary.Entity", "Mica.Vocabulary.Entity\Mica.Vocabulary.Entity.csproj", "{47C81BDA-30B0-4BD7-AFAE-558BE4992476}"
EndProject
Project("{FAE04EC0-301F-11D3-BF4B-00C04F79EFBC}") = "MIca.Vocabulary.Repository", "MIca.Vocabulary.Repository\MIca.Vocabulary.Repository.csproj", "{3C3AC206-7751-4B43-8DB3-D7F0154AFF83}"
EndProject
Project("{FAE04EC0-301F-11D3-BF4B-00C04F79EFBC}") = "Mica.Vocabulary.Service", "Mica.Vocabulary.Service\Mica.Vocabulary.Service.csproj", "{6BAD4D62-B91B-45A2-8428-496E033AC966}"
EndProject
Project("{FAE04EC0-301F-11D3-BF4B-00C04F79EFBC}") = "Mica.Vocabulary.Api", "Mica.Vocabulary.Api\Mica.Vocabulary.Api.csproj", "{BB101894-9DA9-4167-A66E-11F11FA86BA0}"
EndProject
Global
	GlobalSection(SolutionConfigurationPlatforms) = preSolution
		Debug|Any CPU = Debug|Any CPU
		Release|Any CPU = Release|Any CPU
	EndGlobalSection
	GlobalSection(ProjectConfigurationPlatforms) = postSolution
		{684B88F5-A134-40A8-BDE6-29F8FAE5E27F}.Debug|Any CPU.ActiveCfg = Debug|Any CPU
		{684B88F5-A134-40A8-BDE6-29F8FAE5E27F}.Debug|Any CPU.Build.0 = Debug|Any CPU
		{684B88F5-A134-40A8-BDE6-29F8FAE5E27F}.Release|Any CPU.ActiveCfg = Release|Any CPU
		{684B88F5-A134-40A8-BDE6-29F8FAE5E27F}.Release|Any CPU.Build.0 = Release|Any CPU
		{47C81BDA-30B0-4BD7-AFAE-558BE4992476}.Debug|Any CPU.ActiveCfg = Debug|Any CPU
		{47C81BDA-30B0-4BD7-AFAE-558BE4992476}.Debug|Any CPU.Build.0 = Debug|Any CPU
		{47C81BDA-30B0-4BD7-AFAE-558BE4992476}.Release|Any CPU.ActiveCfg = Release|Any CPU
		{47C81BDA-30B0-4BD7-AFAE-558BE4992476}.Release|Any CPU.Build.0 = Release|Any CPU
		{3C3AC206-7751-4B43-8DB3-D7F0154AFF83}.Debug|Any CPU.ActiveCfg = Debug|Any CPU
		{3C3AC206-7751-4B43-8DB3-D7F0154AFF83}.Debug|Any CPU.Build.0 = Debug|Any CPU
		{3C3AC206-7751-4B43-8DB3-D7F0154AFF83}.Release|Any CPU.ActiveCfg = Release|Any CPU
		{3C3AC206-7751-4B43-8DB3-D7F0154AFF83}.Release|Any CPU.Build.0 = Release|Any CPU
		{6BAD4D62-B91B-45A2-8428-496E033AC966}.Debug|Any CPU.ActiveCfg = Debug|Any CPU
		{6BAD4D62-B91B-45A2-8428-496E033AC966}.Debug|Any CPU.Build.0 = Debug|Any CPU
		{6BAD4D62-B91B-45A2-8428-496E033AC966}.Release|Any CPU.ActiveCfg = Release|Any CPU
		{6BAD4D62-B91B-45A2-8428-496E033AC966}.Release|Any CPU.Build.0 = Release|Any CPU
		{BB101894-9DA9-4167-A66E-11F11FA86BA0}.Debug|Any CPU.ActiveCfg = Debug|Any CPU
		{BB101894-9DA9-4167-A66E-11F11FA86BA0}.Debug|Any CPU.Build.0 = Debug|Any CPU
		{BB101894-9DA9-4167-A66E-11F11FA86BA0}.Release|Any CPU.ActiveCfg = Release|Any CPU
		{BB101894-9DA9-4167-A66E-11F11FA86BA0}.Release|Any CPU.Build.0 = Release|Any CPU
	EndGlobalSection
	GlobalSection(SolutionProperties) = preSolution
		HideSolutionNode = FALSE
	EndGlobalSection
	GlobalSection(ExtensibilityGlobals) = postSolution
		SolutionGuid = {957E3422-CA35-48B0-BFC5-0853002106FF}
	EndGlobalSection
EndGlobal
